// !$*UTF8*$!
{
	archiveVersion = 1;
	classes = {
	};
	objectVersion = 46;
	objects = {

/* Begin PBXBuildFile section */
		D3EFE6561A58F36600606E28 /* AppDelegate.swift in Sources */ = {isa = PBXBuildFile; fileRef = D3EFE6551A58F36600606E28 /* AppDelegate.swift */; };
		D3EFE6581A58F36600606E28 /* ViewController.swift in Sources */ = {isa = PBXBuildFile; fileRef = D3EFE6571A58F36600606E28 /* ViewController.swift */; };
		D3EFE65B1A58F36600606E28 /* Main.storyboard in Resources */ = {isa = PBXBuildFile; fileRef = D3EFE6591A58F36600606E28 /* Main.storyboard */; };
		D3EFE65D1A58F36600606E28 /* Images.xcassets in Resources */ = {isa = PBXBuildFile; fileRef = D3EFE65C1A58F36600606E28 /* Images.xcassets */; };
		D3EFE6601A58F36600606E28 /* LaunchScreen.xib in Resources */ = {isa = PBXBuildFile; fileRef = D3EFE65E1A58F36600606E28 /* LaunchScreen.xib */; };
		D3EFE66C1A58F36600606E28 /* clothes_itTests.swift in Sources */ = {isa = PBXBuildFile; fileRef = D3EFE66B1A58F36600606E28 /* clothes_itTests.swift */; };
/* End PBXBuildFile section */

/* Begin PBXContainerItemProxy section */
		D3EFE6661A58F36600606E28 /* PBXContainerItemProxy */ = {
			isa = PBXContainerItemProxy;
			containerPortal = D3EFE6481A58F36600606E28 /* Project object */;
			proxyType = 1;
			remoteGlobalIDString = D3EFE64F1A58F36600606E28;
			remoteInfo = "clothes-it";
		};
/* End PBXContainerItemProxy section */

/* Begin PBXFileReference section */
		D3EFE6501A58F36600606E28 /* clothes-it.app */ = {isa = PBXFileReference; explicitFileType = wrapper.application; includeInIndex = 0; path = "clothes-it.app"; sourceTree = BUILT_PRODUCTS_DIR; };
		D3EFE6541A58F36600606E28 /* Info.plist */ = {isa = PBXFileReference; lastKnownFileType = text.plist.xml; path = Info.plist; sourceTree = "<group>"; };
		D3EFE6551A58F36600606E28 /* AppDelegate.swift */ = {isa = PBXFileReference; lastKnownFileType = sourcecode.swift; path = AppDelegate.swift; sourceTree = "<group>"; };
		D3EFE6571A58F36600606E28 /* ViewController.swift */ = {isa = PBXFileReference; lastKnownFileType = sourcecode.swift; path = ViewController.swift; sourceTree = "<group>"; };
		D3EFE65A1A58F36600606E28 /* Base */ = {isa = PBXFileReference; lastKnownFileType = file.storyboard; name = Base; path = Base.lproj/Main.storyboard; sourceTree = "<group>"; };
		D3EFE65C1A58F36600606E28 /* Images.xcassets */ = {isa = PBXFileReference; lastKnownFileType = folder.assetcatalog; path = Images.xcassets; sourceTree = "<group>"; };
		D3EFE65F1A58F36600606E28 /* Base */ = {isa = PBXFileReference; lastKnownFileType = file.xib; name = Base; path = Base.lproj/LaunchScreen.xib; sourceTree = "<group>"; };
		D3EFE6651A58F36600606E28 /* clothes-itTests.xctest */ = {isa = PBXFileReference; explicitFileType = wrapper.cfbundle; includeInIndex = 0; path = "clothes-itTests.xctest"; sourceTree = BUILT_PRODUCTS_DIR; };
		D3EFE66A1A58F36600606E28 /* Info.plist */ = {isa = PBXFileReference; lastKnownFileType = text.plist.xml; path = Info.plist; sourceTree = "<group>"; };
		D3EFE66B1A58F36600606E28 /* clothes_itTests.swift */ = {isa = PBXFileReference; lastKnownFileType = sourcecode.swift; path = clothes_itTests.swift; sourceTree = "<group>"; };
/* End PBXFileReference section */

/* Begin PBXFrameworksBuildPhase section */
		D3EFE64D1A58F36600606E28 /* Frameworks */ = {
			isa = PBXFrameworksBuildPhase;
			buildActionMask = 2147483647;
			files = (
			);
			runOnlyForDeploymentPostprocessing = 0;
		};
		D3EFE6621A58F36600606E28 /* Frameworks */ = {
			isa = PBXFrameworksBuildPhase;
			buildActionMask = 2147483647;
			files = (
			);
			runOnlyForDeploymentPostprocessing = 0;
		};
/* End PBXFrameworksBuildPhase section */

/* Begin PBXGroup section */
		D3EFE6471A58F36600606E28 = {
			isa = PBXGroup;
			children = (
				D3EFE6521A58F36600606E28 /* clothes-it */,
				D3EFE6681A58F36600606E28 /* clothes-itTests */,
				D3EFE6511A58F36600606E28 /* Products */,
			);
			sourceTree = "<group>";
		};
		D3EFE6511A58F36600606E28 /* Products */ = {
			isa = PBXGroup;
			children = (
				D3EFE6501A58F36600606E28 /* clothes-it.app */,
				D3EFE6651A58F36600606E28 /* clothes-itTests.xctest */,
			);
			name = Products;
			sourceTree = "<group>";
		};
		D3EFE6521A58F36600606E28 /* clothes-it */ = {
			isa = PBXGroup;
			children = (
				D3EFE6551A58F36600606E28 /* AppDelegate.swift */,
				D3EFE6571A58F36600606E28 /* ViewController.swift */,
				D3EFE6591A58F36600606E28 /* Main.storyboard */,
				D3EFE65C1A58F36600606E28 /* Images.xcassets */,
				D3EFE65E1A58F36600606E28 /* LaunchScreen.xib */,
				D3EFE6531A58F36600606E28 /* Supporting Files */,
			);
			path = "clothes-it";
			sourceTree = "<group>";
		};
		D3EFE6531A58F36600606E28 /* Supporting Files */ = {
			isa = PBXGroup;
			children = (
				D3EFE6541A58F36600606E28 /* Info.plist */,
			);
			name = "Supporting Files";
			sourceTree = "<group>";
		};
		D3EFE6681A58F36600606E28 /* clothes-itTests */ = {
			isa = PBXGroup;
			children = (
				D3EFE66B1A58F36600606E28 /* clothes_itTests.swift */,
				D3EFE6691A58F36600606E28 /* Supporting Files */,
			);
			path = "clothes-itTests";
			sourceTree = "<group>";
		};
		D3EFE6691A58F36600606E28 /* Supporting Files */ = {
			isa = PBXGroup;
			children = (
				D3EFE66A1A58F36600606E28 /* Info.plist */,
			);
			name = "Supporting Files";
			sourceTree = "<group>";
		};
/* End PBXGroup section */

/* Begin PBXNativeTarget section */
		D3EFE64F1A58F36600606E28 /* clothes-it */ = {
			isa = PBXNativeTarget;
			buildConfigurationList = D3EFE66F1A58F36600606E28 /* Build configuration list for PBXNativeTarget "clothes-it" */;
			buildPhases = (
				D3EFE64C1A58F36600606E28 /* Sources */,
				D3EFE64D1A58F36600606E28 /* Frameworks */,
				D3EFE64E1A58F36600606E28 /* Resources */,
			);
			buildRules = (
			);
			dependencies = (
			);
			name = "clothes-it";
			productName = "clothes-it";
			productReference = D3EFE6501A58F36600606E28 /* clothes-it.app */;
			productType = "com.apple.product-type.application";
		};
		D3EFE6641A58F36600606E28 /* clothes-itTests */ = {
			isa = PBXNativeTarget;
			buildConfigurationList = D3EFE6721A58F36600606E28 /* Build configuration list for PBXNativeTarget "clothes-itTests" */;
			buildPhases = (
				D3EFE6611A58F36600606E28 /* Sources */,
				D3EFE6621A58F36600606E28 /* Frameworks */,
				D3EFE6631A58F36600606E28 /* Resources */,
			);
			buildRules = (
			);
			dependencies = (
				D3EFE6671A58F36600606E28 /* PBXTargetDependency */,
			);
			name = "clothes-itTests";
			productName = "clothes-itTests";
			productReference = D3EFE6651A58F36600606E28 /* clothes-itTests.xctest */;
			productType = "com.apple.product-type.bundle.unit-test";
		};
/* End PBXNativeTarget section */

/* Begin PBXProject section */
		D3EFE6481A58F36600606E28 /* Project object */ = {
			isa = PBXProject;
			attributes = {
				LastUpgradeCheck = 0610;
				ORGANIZATIONNAME = "clothes-it";
				TargetAttributes = {
					D3EFE64F1A58F36600606E28 = {
						CreatedOnToolsVersion = 6.1.1;
					};
					D3EFE6641A58F36600606E28 = {
						CreatedOnToolsVersion = 6.1.1;
						TestTargetID = D3EFE64F1A58F36600606E28;
					};
				};
			};
			buildConfigurationList = D3EFE64B1A58F36600606E28 /* Build configuration list for PBXProject "clothes-it" */;
			compatibilityVersion = "Xcode 3.2";
			developmentRegion = English;
			hasScannedForEncodings = 0;
			knownRegions = (
				en,
				Base,
			);
			mainGroup = D3EFE6471A58F36600606E28;
			productRefGroup = D3EFE6511A58F36600606E28 /* Products */;
			projectDirPath = "";
			projectRoot = "";
			targets = (
				D3EFE64F1A58F36600606E28 /* clothes-it */,
				D3EFE6641A58F36600606E28 /* clothes-itTests */,
			);
		};
/* End PBXProject section */

/* Begin PBXResourcesBuildPhase section */
		D3EFE64E1A58F36600606E28 /* Resources */ = {
			isa = PBXResourcesBuildPhase;
			buildActionMask = 2147483647;
			files = (
				D3EFE65B1A58F36600606E28 /* Main.storyboard in Resources */,
				D3EFE6601A58F36600606E28 /* LaunchScreen.xib in Resources */,
				D3EFE65D1A58F36600606E28 /* Images.xcassets in Resources */,
			);
			runOnlyForDeploymentPostprocessing = 0;
		};
		D3EFE6631A58F36600606E28 /* Resources */ = {
			isa = PBXResourcesBuildPhase;
			buildActionMask = 2147483647;
			files = (
			);
			runOnlyForDeploymentPostprocessing = 0;
		};
/* End PBXResourcesBuildPhase section */

/* Begin PBXSourcesBuildPhase section */
		D3EFE64C1A58F36600606E28 /* Sources */ = {
			isa = PBXSourcesBuildPhase;
			buildActionMask = 2147483647;
			files = (
				D3EFE6581A58F36600606E28 /* ViewController.swift in Sources */,
				D3EFE6561A58F36600606E28 /* AppDelegate.swift in Sources */,
			);
			runOnlyForDeploymentPostprocessing = 0;
		};
		D3EFE6611A58F36600606E28 /* Sources */ = {
			isa = PBXSourcesBuildPhase;
			buildActionMask = 2147483647;
			files = (
				D3EFE66C1A58F36600606E28 /* clothes_itTests.swift in Sources */,
			);
			runOnlyForDeploymentPostprocessing = 0;
		};
/* End PBXSourcesBuildPhase section */

/* Begin PBXTargetDependency section */
		D3EFE6671A58F36600606E28 /* PBXTargetDependency */ = {
			isa = PBXTargetDependency;
			target = D3EFE64F1A58F36600606E28 /* clothes-it */;
			targetProxy = D3EFE6661A58F36600606E28 /* PBXContainerItemProxy */;
		};
/* End PBXTargetDependency section */

/* Begin PBXVariantGroup section */
		D3EFE6591A58F36600606E28 /* Main.storyboard */ = {
			isa = PBXVariantGroup;
			children = (
				D3EFE65A1A58F36600606E28 /* Base */,
			);
			name = Main.storyboard;
			sourceTree = "<group>";
		};
		D3EFE65E1A58F36600606E28 /* LaunchScreen.xib */ = {
			isa = PBXVariantGroup;
			children = (
				D3EFE65F1A58F36600606E28 /* Base */,
			);
			name = LaunchScreen.xib;
			sourceTree = "<group>";
		};
/* End PBXVariantGroup section */

/* Begin XCBuildConfiguration section */
		D3EFE66D1A58F36600606E28 /* Debug */ = {
			isa = XCBuildConfiguration;
			buildSettings = {
				ALWAYS_SEARCH_USER_PATHS = NO;
				CLANG_CXX_LANGUAGE_STANDARD = "gnu++0x";
				CLANG_CXX_LIBRARY = "libc++";
				CLANG_ENABLE_MODULES = YES;
				CLANG_ENABLE_OBJC_ARC = YES;
				CLANG_WARN_BOOL_CONVERSION = YES;
				CLANG_WARN_CONSTANT_CONVERSION = YES;
				CLANG_WARN_DIRECT_OBJC_ISA_USAGE = YES_ERROR;
				CLANG_WARN_EMPTY_BODY = YES;
				CLANG_WARN_ENUM_CONVERSION = YES;
				CLANG_WARN_INT_CONVERSION = YES;
				CLANG_WARN_OBJC_ROOT_CLASS = YES_ERROR;
				CLANG_WARN_UNREACHABLE_CODE = YES;
				CLANG_WARN__DUPLICATE_METHOD_MATCH = YES;
				"CODE_SIGN_IDENTITY[sdk=iphoneos*]" = "iPhone Developer";
				COPY_PHASE_STRIP = NO;
				ENABLE_STRICT_OBJC_MSGSEND = YES;
				GCC_C_LANGUAGE_STANDARD = gnu99;
				GCC_DYNAMIC_NO_PIC = NO;
				GCC_OPTIMIZATION_LEVEL = 0;
				GCC_PREPROCESSOR_DEFINITIONS = (
					"DEBUG=1",
					"$(inherited)",
				);
				GCC_SYMBOLS_PRIVATE_EXTERN = NO;
				GCC_WARN_64_TO_32_BIT_CONVERSION = YES;
				GCC_WARN_ABOUT_RETURN_TYPE = YES_ERROR;
				GCC_WARN_UNDECLARED_SELECTOR = YES;
				GCC_WARN_UNINITIALIZED_AUTOS = YES_AGGRESSIVE;
				GCC_WARN_UNUSED_FUNCTION = YES;
				GCC_WARN_UNUSED_VARIABLE = YES;
				IPHONEOS_DEPLOYMENT_TARGET = 8.1;
				MTL_ENABLE_DEBUG_INFO = YES;
				ONLY_ACTIVE_ARCH = YES;
				SDKROOT = iphoneos;
				SWIFT_OPTIMIZATION_LEVEL = "-Onone";
			};
			name = Debug;
		};
		D3EFE66E1A58F36600606E28 /* Release */ = {
			isa = XCBuildConfiguration;
			buildSettings = {
				ALWAYS_SEARCH_USER_PATHS = NO;
				CLANG_CXX_LANGUAGE_STANDARD = "gnu++0x";
				CLANG_CXX_LIBRARY = "libc++";
				CLANG_ENABLE_MODULES = YES;
				CLANG_ENABLE_OBJC_ARC = YES;
				CLANG_WARN_BOOL_CONVERSION = YES;
				CLANG_WARN_CONSTANT_CONVERSION = YES;
				CLANG_WARN_DIRECT_OBJC_ISA_USAGE = YES_ERROR;
				CLANG_WARN_EMPTY_BODY = YES;
				CLANG_WARN_ENUM_CONVERSION = YES;
				CLANG_WARN_INT_CONVERSION = YES;
				CLANG_WARN_OBJC_ROOT_CLASS = YES_ERROR;
				CLANG_WARN_UNREACHABLE_CODE = YES;
				CLANG_WARN__DUPLICATE_METHOD_MATCH = YES;
				"CODE_SIGN_IDENTITY[sdk=iphoneos*]" = "iPhone Developer";
				COPY_PHASE_STRIP = YES;
				ENABLE_NS_ASSERTIONS = NO;
				ENABLE_STRICT_OBJC_MSGSEND = YES;
				GCC_C_LANGUAGE_STANDARD = gnu99;
				GCC_WARN_64_TO_32_BIT_CONVERSION = YES;
				GCC_WARN_ABOUT_RETURN_TYPE = YES_ERROR;
				GCC_WARN_UNDECLARED_SELECTOR = YES;
				GCC_WARN_UNINITIALIZED_AUTOS = YES_AGGRESSIVE;
				GCC_WARN_UNUSED_FUNCTION = YES;
				GCC_WARN_UNUSED_VARIABLE = YES;
				IPHONEOS_DEPLOYMENT_TARGET = 8.1;
				MTL_ENABLE_DEBUG_INFO = NO;
				SDKROOT = iphoneos;
				VALIDATE_PRODUCT = YES;
			};
			name = Release;
		};
		D3EFE6701A58F36600606E28 /* Debug */ = {
			isa = XCBuildConfiguration;
			buildSettings = {
				ASSETCATALOG_COMPILER_APPICON_NAME = AppIcon;
				INFOPLIST_FILE = "clothes-it/Info.plist";
				LD_RUNPATH_SEARCH_PATHS = "$(inherited) @executable_path/Frameworks";
				PRODUCT_NAME = "$(TARGET_NAME)";
			};
			name = Debug;
		};
		D3EFE6711A58F36600606E28 /* Release */ = {
			isa = XCBuildConfiguration;
			buildSettings = {
				ASSETCATALOG_COMPILER_APPICON_NAME = AppIcon;
				INFOPLIST_FILE = "clothes-it/Info.plist";
				LD_RUNPATH_SEARCH_PATHS = "$(inherited) @executable_path/Frameworks";
				PRODUCT_NAME = "$(TARGET_NAME)";
			};
			name = Release;
		};
		D3EFE6731A58F36600606E28 /* Debug */ = {
			isa = XCBuildConfiguration;
			buildSettings = {
				BUNDLE_LOADER = "$(TEST_HOST)";
				FRAMEWORK_SEARCH_PATHS = (
					"$(SDKROOT)/Developer/Library/Frameworks",
					"$(inherited)",
				);
				GCC_PREPROCESSOR_DEFINITIONS = (
					"DEBUG=1",
					"$(inherited)",
				);
				INFOPLIST_FILE = "clothes-itTests/Info.plist";
				LD_RUNPATH_SEARCH_PATHS = "$(inherited) @executable_path/Frameworks @loader_path/Frameworks";
				PRODUCT_NAME = "$(TARGET_NAME)";
				TEST_HOST = "$(BUILT_PRODUCTS_DIR)/clothes-it.app/clothes-it";
			};
			name = Debug;
		};
		D3EFE6741A58F36600606E28 /* Release */ = {
			isa = XCBuildConfiguration;
			buildSettings = {
				BUNDLE_LOADER = "$(TEST_HOST)";
				FRAMEWORK_SEARCH_PATHS = (
					"$(SDKROOT)/Developer/Library/Frameworks",
					"$(inherited)",
				);
				INFOPLIST_FILE = "clothes-itTests/Info.plist";
				LD_RUNPATH_SEARCH_PATHS = "$(inherited) @executable_path/Frameworks @loader_path/Frameworks";
				PRODUCT_NAME = "$(TARGET_NAME)";
				TEST_HOST = "$(BUILT_PRODUCTS_DIR)/clothes-it.app/clothes-it";
			};
			name = Release;
		};
/* End XCBuildConfiguration section */

/* Begin XCConfigurationList section */
		D3EFE64B1A58F36600606E28 /* Build configuration list for PBXProject "clothes-it" */ = {
			isa = XCConfigurationList;
			buildConfigurations = (
				D3EFE66D1A58F36600606E28 /* Debug */,
				D3EFE66E1A58F36600606E28 /* Release */,
			);
			defaultConfigurationIsVisible = 0;
			defaultConfigurationName = Release;
		};
		D3EFE66F1A58F36600606E28 /* Build configuration list for PBXNativeTarget "clothes-it" */ = {
			isa = XCConfigurationList;
			buildConfigurations = (
				D3EFE6701A58F36600606E28 /* Debug */,
				D3EFE6711A58F36600606E28 /* Release */,
			);
			defaultConfigurationIsVisible = 0;
		};
		D3EFE6721A58F36600606E28 /* Build configuration list for PBXNativeTarget "clothes-itTests" */ = {
			isa = XCConfigurationList;
			buildConfigurations = (
				D3EFE6731A58F36600606E28 /* Debug */,
				D3EFE6741A58F36600606E28 /* Release */,
			);
			defaultConfigurationIsVisible = 0;
		};
/* End XCConfigurationList section */
	};
	rootObject = D3EFE6481A58F36600606E28 /* Project object */;
}
